
Microsoft Visual Studio Solution File, Format Version 12.00
# Visual Studio Version 16
VisualStudioVersion = 16.0.31005.135
MinimumVisualStudioVersion = 10.0.40219.1
Project("{FAE04EC0-301F-11D3-BF4B-00C04F79EFBC}") = "NumberProducts", "NumberProducts\NumberProducts.csproj", "{E9C7121E-06BF-4588-AD08-6CEA43473B93}"
EndProject
Global
	GlobalSection(SolutionConfigurationPlatforms) = preSolution
		Debug|Any CPU = Debug|Any CPU
		Release|Any CPU = Release|Any CPU
	EndGlobalSection
	GlobalSection(ProjectConfigurationPlatforms) = postSolution
		{E9C7121E-06BF-4588-AD08-6CEA43473B93}.Debug|Any CPU.ActiveCfg = Debug|Any CPU
		{E9C7121E-06BF-4588-AD08-6CEA43473B93}.Debug|Any CPU.Build.0 = Debug|Any CPU
		{E9C7121E-06BF-4588-AD08-6CEA43473B93}.Release|Any CPU.ActiveCfg = Release|Any CPU
		{E9C7121E-06BF-4588-AD08-6CEA43473B93}.Release|Any CPU.Build.0 = Release|Any CPU
	EndGlobalSection
	GlobalSection(SolutionProperties) = preSolution
		HideSolutionNode = FALSE
	EndGlobalSection
	GlobalSection(ExtensibilityGlobals) = postSolution
		SolutionGuid = {D9A807BE-D706-4344-8C05-2AB69A78A784}
	EndGlobalSection
EndGlobal
